// !$*UTF8*$!
{
	archiveVersion = 1;
	classes = {
	};
	objectVersion = 46;
	objects = {

/* Begin PBXBuildFile section */
		4BF3A1131B5FF59100565CB7 /* AppDelegate.swift in Sources */ = {isa = PBXBuildFile; fileRef = 4BF3A1121B5FF59100565CB7 /* AppDelegate.swift */; };
		4BF3A1151B5FF59100565CB7 /* ViewController.swift in Sources */ = {isa = PBXBuildFile; fileRef = 4BF3A1141B5FF59100565CB7 /* ViewController.swift */; };
		4BF3A1181B5FF59100565CB7 /* Main.storyboard in Resources */ = {isa = PBXBuildFile; fileRef = 4BF3A1161B5FF59100565CB7 /* Main.storyboard */; };
		4BF3A11A1B5FF59100565CB7 /* Images.xcassets in Resources */ = {isa = PBXBuildFile; fileRef = 4BF3A1191B5FF59100565CB7 /* Images.xcassets */; };
		4BF3A11D1B5FF59100565CB7 /* LaunchScreen.xib in Resources */ = {isa = PBXBuildFile; fileRef = 4BF3A11B1B5FF59100565CB7 /* LaunchScreen.xib */; };
		4BF3A1291B5FF59200565CB7 /* InfinitScrollNoPagingTests.swift in Sources */ = {isa = PBXBuildFile; fileRef = 4BF3A1281B5FF59200565CB7 /* InfinitScrollNoPagingTests.swift */; };
/* End PBXBuildFile section */

/* Begin PBXContainerItemProxy section */
		4BF3A1231B5FF59200565CB7 /* PBXContainerItemProxy */ = {
			isa = PBXContainerItemProxy;
			containerPortal = 4BF3A1051B5FF59100565CB7 /* Project object */;
			proxyType = 1;
			remoteGlobalIDString = 4BF3A10C1B5FF59100565CB7;
			remoteInfo = InfinitScrollNoPaging;
		};
/* End PBXContainerItemProxy section */

/* Begin PBXFileReference section */
		4BF3A10D1B5FF59100565CB7 /* InfinitScrollNoPaging.app */ = {isa = PBXFileReference; explicitFileType = wrapper.application; includeInIndex = 0; path = InfinitScrollNoPaging.app; sourceTree = BUILT_PRODUCTS_DIR; };
		4BF3A1111B5FF59100565CB7 /* Info.plist */ = {isa = PBXFileReference; lastKnownFileType = text.plist.xml; path = Info.plist; sourceTree = "<group>"; };
		4BF3A1121B5FF59100565CB7 /* AppDelegate.swift */ = {isa = PBXFileReference; lastKnownFileType = sourcecode.swift; path = AppDelegate.swift; sourceTree = "<group>"; };
		4BF3A1141B5FF59100565CB7 /* ViewController.swift */ = {isa = PBXFileReference; lastKnownFileType = sourcecode.swift; path = ViewController.swift; sourceTree = "<group>"; };
		4BF3A1171B5FF59100565CB7 /* Base */ = {isa = PBXFileReference; lastKnownFileType = file.storyboard; name = Base; path = Base.lproj/Main.storyboard; sourceTree = "<group>"; };
		4BF3A1191B5FF59100565CB7 /* Images.xcassets */ = {isa = PBXFileReference; lastKnownFileType = folder.assetcatalog; path = Images.xcassets; sourceTree = "<group>"; };
		4BF3A11C1B5FF59100565CB7 /* Base */ = {isa = PBXFileReference; lastKnownFileType = file.xib; name = Base; path = Base.lproj/LaunchScreen.xib; sourceTree = "<group>"; };
		4BF3A1221B5FF59200565CB7 /* InfinitScrollNoPagingTests.xctest */ = {isa = PBXFileReference; explicitFileType = wrapper.cfbundle; includeInIndex = 0; path = InfinitScrollNoPagingTests.xctest; sourceTree = BUILT_PRODUCTS_DIR; };
		4BF3A1271B5FF59200565CB7 /* Info.plist */ = {isa = PBXFileReference; lastKnownFileType = text.plist.xml; path = Info.plist; sourceTree = "<group>"; };
		4BF3A1281B5FF59200565CB7 /* InfinitScrollNoPagingTests.swift */ = {isa = PBXFileReference; lastKnownFileType = sourcecode.swift; path = InfinitScrollNoPagingTests.swift; sourceTree = "<group>"; };
/* End PBXFileReference section */

/* Begin PBXFrameworksBuildPhase section */
		4BF3A10A1B5FF59100565CB7 /* Frameworks */ = {
			isa = PBXFrameworksBuildPhase;
			buildActionMask = 2147483647;
			files = (
			);
			runOnlyForDeploymentPostprocessing = 0;
		};
		4BF3A11F1B5FF59200565CB7 /* Frameworks */ = {
			isa = PBXFrameworksBuildPhase;
			buildActionMask = 2147483647;
			files = (
			);
			runOnlyForDeploymentPostprocessing = 0;
		};
/* End PBXFrameworksBuildPhase section */

/* Begin PBXGroup section */
		4BF3A1041B5FF59100565CB7 = {
			isa = PBXGroup;
			children = (
				4BF3A10F1B5FF59100565CB7 /* InfinitScrollNoPaging */,
				4BF3A1251B5FF59200565CB7 /* InfinitScrollNoPagingTests */,
				4BF3A10E1B5FF59100565CB7 /* Products */,
			);
			sourceTree = "<group>";
		};
		4BF3A10E1B5FF59100565CB7 /* Products */ = {
			isa = PBXGroup;
			children = (
				4BF3A10D1B5FF59100565CB7 /* InfinitScrollNoPaging.app */,
				4BF3A1221B5FF59200565CB7 /* InfinitScrollNoPagingTests.xctest */,
			);
			name = Products;
			sourceTree = "<group>";
		};
		4BF3A10F1B5FF59100565CB7 /* InfinitScrollNoPaging */ = {
			isa = PBXGroup;
			children = (
				4BF3A1121B5FF59100565CB7 /* AppDelegate.swift */,
				4BF3A1141B5FF59100565CB7 /* ViewController.swift */,
				4BF3A1161B5FF59100565CB7 /* Main.storyboard */,
				4BF3A1191B5FF59100565CB7 /* Images.xcassets */,
				4BF3A11B1B5FF59100565CB7 /* LaunchScreen.xib */,
				4BF3A1101B5FF59100565CB7 /* Supporting Files */,
			);
			path = InfinitScrollNoPaging;
			sourceTree = "<group>";
		};
		4BF3A1101B5FF59100565CB7 /* Supporting Files */ = {
			isa = PBXGroup;
			children = (
				4BF3A1111B5FF59100565CB7 /* Info.plist */,
			);
			name = "Supporting Files";
			sourceTree = "<group>";
		};
		4BF3A1251B5FF59200565CB7 /* InfinitScrollNoPagingTests */ = {
			isa = PBXGroup;
			children = (
				4BF3A1281B5FF59200565CB7 /* InfinitScrollNoPagingTests.swift */,
				4BF3A1261B5FF59200565CB7 /* Supporting Files */,
			);
			path = InfinitScrollNoPagingTests;
			sourceTree = "<group>";
		};
		4BF3A1261B5FF59200565CB7 /* Supporting Files */ = {
			isa = PBXGroup;
			children = (
				4BF3A1271B5FF59200565CB7 /* Info.plist */,
			);
			name = "Supporting Files";
			sourceTree = "<group>";
		};
/* End PBXGroup section */

/* Begin PBXNativeTarget section */
		4BF3A10C1B5FF59100565CB7 /* InfinitScrollNoPaging */ = {
			isa = PBXNativeTarget;
			buildConfigurationList = 4BF3A12C1B5FF59200565CB7 /* Build configuration list for PBXNativeTarget "InfinitScrollNoPaging" */;
			buildPhases = (
				4BF3A1091B5FF59100565CB7 /* Sources */,
				4BF3A10A1B5FF59100565CB7 /* Frameworks */,
				4BF3A10B1B5FF59100565CB7 /* Resources */,
			);
			buildRules = (
			);
			dependencies = (
			);
			name = InfinitScrollNoPaging;
			productName = InfinitScrollNoPaging;
			productReference = 4BF3A10D1B5FF59100565CB7 /* InfinitScrollNoPaging.app */;
			productType = "com.apple.product-type.application";
		};
		4BF3A1211B5FF59200565CB7 /* InfinitScrollNoPagingTests */ = {
			isa = PBXNativeTarget;
			buildConfigurationList = 4BF3A12F1B5FF59200565CB7 /* Build configuration list for PBXNativeTarget "InfinitScrollNoPagingTests" */;
			buildPhases = (
				4BF3A11E1B5FF59200565CB7 /* Sources */,
				4BF3A11F1B5FF59200565CB7 /* Frameworks */,
				4BF3A1201B5FF59200565CB7 /* Resources */,
			);
			buildRules = (
			);
			dependencies = (
				4BF3A1241B5FF59200565CB7 /* PBXTargetDependency */,
			);
			name = InfinitScrollNoPagingTests;
			productName = InfinitScrollNoPagingTests;
			productReference = 4BF3A1221B5FF59200565CB7 /* InfinitScrollNoPagingTests.xctest */;
			productType = "com.apple.product-type.bundle.unit-test";
		};
/* End PBXNativeTarget section */

/* Begin PBXProject section */
		4BF3A1051B5FF59100565CB7 /* Project object */ = {
			isa = PBXProject;
			attributes = {
				LastUpgradeCheck = 0640;
				ORGANIZATIONNAME = "German Pereyra";
				TargetAttributes = {
					4BF3A10C1B5FF59100565CB7 = {
						CreatedOnToolsVersion = 6.4;
					};
					4BF3A1211B5FF59200565CB7 = {
						CreatedOnToolsVersion = 6.4;
						TestTargetID = 4BF3A10C1B5FF59100565CB7;
					};
				};
			};
			buildConfigurationList = 4BF3A1081B5FF59100565CB7 /* Build configuration list for PBXProject "InfinitScrollNoPaging" */;
			compatibilityVersion = "Xcode 3.2";
			developmentRegion = English;
			hasScannedForEncodings = 0;
			knownRegions = (
				en,
				Base,
			);
			mainGroup = 4BF3A1041B5FF59100565CB7;
			productRefGroup = 4BF3A10E1B5FF59100565CB7 /* Products */;
			projectDirPath = "";
			projectRoot = "";
			targets = (
				4BF3A10C1B5FF59100565CB7 /* InfinitScrollNoPaging */,
				4BF3A1211B5FF59200565CB7 /* InfinitScrollNoPagingTests */,
			);
		};
/* End PBXProject section */

/* Begin PBXResourcesBuildPhase section */
		4BF3A10B1B5FF59100565CB7 /* Resources */ = {
			isa = PBXResourcesBuildPhase;
			buildActionMask = 2147483647;
			files = (
				4BF3A1181B5FF59100565CB7 /* Main.storyboard in Resources */,
				4BF3A11D1B5FF59100565CB7 /* LaunchScreen.xib in Resources */,
				4BF3A11A1B5FF59100565CB7 /* Images.xcassets in Resources */,
			);
			runOnlyForDeploymentPostprocessing = 0;
		};
		4BF3A1201B5FF59200565CB7 /* Resources */ = {
			isa = PBXResourcesBuildPhase;
			buildActionMask = 2147483647;
			files = (
			);
			runOnlyForDeploymentPostprocessing = 0;
		};
/* End PBXResourcesBuildPhase section */

/* Begin PBXSourcesBuildPhase section */
		4BF3A1091B5FF59100565CB7 /* Sources */ = {
			isa = PBXSourcesBuildPhase;
			buildActionMask = 2147483647;
			files = (
				4BF3A1151B5FF59100565CB7 /* ViewController.swift in Sources */,
				4BF3A1131B5FF59100565CB7 /* AppDelegate.swift in Sources */,
			);
			runOnlyForDeploymentPostprocessing = 0;
		};
		4BF3A11E1B5FF59200565CB7 /* Sources */ = {
			isa = PBXSourcesBuildPhase;
			buildActionMask = 2147483647;
			files = (
				4BF3A1291B5FF59200565CB7 /* InfinitScrollNoPagingTests.swift in Sources */,
			);
			runOnlyForDeploymentPostprocessing = 0;
		};
/* End PBXSourcesBuildPhase section */

/* Begin PBXTargetDependency section */
		4BF3A1241B5FF59200565CB7 /* PBXTargetDependency */ = {
			isa = PBXTargetDependency;
			target = 4BF3A10C1B5FF59100565CB7 /* InfinitScrollNoPaging */;
			targetProxy = 4BF3A1231B5FF59200565CB7 /* PBXContainerItemProxy */;
		};
/* End PBXTargetDependency section */

/* Begin PBXVariantGroup section */
		4BF3A1161B5FF59100565CB7 /* Main.storyboard */ = {
			isa = PBXVariantGroup;
			children = (
				4BF3A1171B5FF59100565CB7 /* Base */,
			);
			name = Main.storyboard;
			sourceTree = "<group>";
		};
		4BF3A11B1B5FF59100565CB7 /* LaunchScreen.xib */ = {
			isa = PBXVariantGroup;
			children = (
				4BF3A11C1B5FF59100565CB7 /* Base */,
			);
			name = LaunchScreen.xib;
			sourceTree = "<group>";
		};
/* End PBXVariantGroup section */

/* Begin XCBuildConfiguration section */
		4BF3A12A1B5FF59200565CB7 /* Debug */ = {
			isa = XCBuildConfiguration;
			buildSettings = {
				ALWAYS_SEARCH_USER_PATHS = NO;
				CLANG_CXX_LANGUAGE_STANDARD = "gnu++0x";
				CLANG_CXX_LIBRARY = "libc++";
				CLANG_ENABLE_MODULES = YES;
				CLANG_ENABLE_OBJC_ARC = YES;
				CLANG_WARN_BOOL_CONVERSION = YES;
				CLANG_WARN_CONSTANT_CONVERSION = YES;
				CLANG_WARN_DIRECT_OBJC_ISA_USAGE = YES_ERROR;
				CLANG_WARN_EMPTY_BODY = YES;
				CLANG_WARN_ENUM_CONVERSION = YES;
				CLANG_WARN_INT_CONVERSION = YES;
				CLANG_WARN_OBJC_ROOT_CLASS = YES_ERROR;
				CLANG_WARN_UNREACHABLE_CODE = YES;
				CLANG_WARN__DUPLICATE_METHOD_MATCH = YES;
				"CODE_SIGN_IDENTITY[sdk=iphoneos*]" = "iPhone Developer";
				COPY_PHASE_STRIP = NO;
				DEBUG_INFORMATION_FORMAT = "dwarf-with-dsym";
				ENABLE_STRICT_OBJC_MSGSEND = YES;
				GCC_C_LANGUAGE_STANDARD = gnu99;
				GCC_DYNAMIC_NO_PIC = NO;
				GCC_NO_COMMON_BLOCKS = YES;
				GCC_OPTIMIZATION_LEVEL = 0;
				GCC_PREPROCESSOR_DEFINITIONS = (
					"DEBUG=1",
					"$(inherited)",
				);
				GCC_SYMBOLS_PRIVATE_EXTERN = NO;
				GCC_WARN_64_TO_32_BIT_CONVERSION = YES;
				GCC_WARN_ABOUT_RETURN_TYPE = YES_ERROR;
				GCC_WARN_UNDECLARED_SELECTOR = YES;
				GCC_WARN_UNINITIALIZED_AUTOS = YES_AGGRESSIVE;
				GCC_WARN_UNUSED_FUNCTION = YES;
				GCC_WARN_UNUSED_VARIABLE = YES;
				IPHONEOS_DEPLOYMENT_TARGET = 8.4;
				MTL_ENABLE_DEBUG_INFO = YES;
				ONLY_ACTIVE_ARCH = YES;
				SDKROOT = iphoneos;
				SWIFT_OPTIMIZATION_LEVEL = "-Onone";
			};
			name = Debug;
		};
		4BF3A12B1B5FF59200565CB7 /* Release */ = {
			isa = XCBuildConfiguration;
			buildSettings = {
				ALWAYS_SEARCH_USER_PATHS = NO;
				CLANG_CXX_LANGUAGE_STANDARD = "gnu++0x";
				CLANG_CXX_LIBRARY = "libc++";
				CLANG_ENABLE_MODULES = YES;
				CLANG_ENABLE_OBJC_ARC = YES;
				CLANG_WARN_BOOL_CONVERSION = YES;
				CLANG_WARN_CONSTANT_CONVERSION = YES;
				CLANG_WARN_DIRECT_OBJC_ISA_USAGE = YES_ERROR;
				CLANG_WARN_EMPTY_BODY = YES;
				CLANG_WARN_ENUM_CONVERSION = YES;
				CLANG_WARN_INT_CONVERSION = YES;
				CLANG_WARN_OBJC_ROOT_CLASS = YES_ERROR;
				CLANG_WARN_UNREACHABLE_CODE = YES;
				CLANG_WARN__DUPLICATE_METHOD_MATCH = YES;
				"CODE_SIGN_IDENTITY[sdk=iphoneos*]" = "iPhone Developer";
				COPY_PHASE_STRIP = NO;
				DEBUG_INFORMATION_FORMAT = "dwarf-with-dsym";
				ENABLE_NS_ASSERTIONS = NO;
				ENABLE_STRICT_OBJC_MSGSEND = YES;
				GCC_C_LANGUAGE_STANDARD = gnu99;
				GCC_NO_COMMON_BLOCKS = YES;
				GCC_WARN_64_TO_32_BIT_CONVERSION = YES;
				GCC_WARN_ABOUT_RETURN_TYPE = YES_ERROR;
				GCC_WARN_UNDECLARED_SELECTOR = YES;
				GCC_WARN_UNINITIALIZED_AUTOS = YES_AGGRESSIVE;
				GCC_WARN_UNUSED_FUNCTION = YES;
				GCC_WARN_UNUSED_VARIABLE = YES;
				IPHONEOS_DEPLOYMENT_TARGET = 8.4;
				MTL_ENABLE_DEBUG_INFO = NO;
				SDKROOT = iphoneos;
				VALIDATE_PRODUCT = YES;
			};
			name = Release;
		};
		4BF3A12D1B5FF59200565CB7 /* Debug */ = {
			isa = XCBuildConfiguration;
			buildSettings = {
				ASSETCATALOG_COMPILER_APPICON_NAME = AppIcon;
				INFOPLIST_FILE = InfinitScrollNoPaging/Info.plist;
				LD_RUNPATH_SEARCH_PATHS = "$(inherited) @executable_path/Frameworks";
				PRODUCT_NAME = "$(TARGET_NAME)";
			};
			name = Debug;
		};
		4BF3A12E1B5FF59200565CB7 /* Release */ = {
			isa = XCBuildConfiguration;
			buildSettings = {
				ASSETCATALOG_COMPILER_APPICON_NAME = AppIcon;
				INFOPLIST_FILE = InfinitScrollNoPaging/Info.plist;
				LD_RUNPATH_SEARCH_PATHS = "$(inherited) @executable_path/Frameworks";
				PRODUCT_NAME = "$(TARGET_NAME)";
			};
			name = Release;
		};
		4BF3A1301B5FF59200565CB7 /* Debug */ = {
			isa = XCBuildConfiguration;
			buildSettings = {
				BUNDLE_LOADER = "$(TEST_HOST)";
				FRAMEWORK_SEARCH_PATHS = (
					"$(SDKROOT)/Developer/Library/Frameworks",
					"$(inherited)",
				);
				GCC_PREPROCESSOR_DEFINITIONS = (
					"DEBUG=1",
					"$(inherited)",
				);
				INFOPLIST_FILE = InfinitScrollNoPagingTests/Info.plist;
				LD_RUNPATH_SEARCH_PATHS = "$(inherited) @executable_path/Frameworks @loader_path/Frameworks";
				PRODUCT_NAME = "$(TARGET_NAME)";
				TEST_HOST = "$(BUILT_PRODUCTS_DIR)/InfinitScrollNoPaging.app/InfinitScrollNoPaging";
			};
			name = Debug;
		};
		4BF3A1311B5FF59200565CB7 /* Release */ = {
			isa = XCBuildConfiguration;
			buildSettings = {
				BUNDLE_LOADER = "$(TEST_HOST)";
				FRAMEWORK_SEARCH_PATHS = (
					"$(SDKROOT)/Developer/Library/Frameworks",
					"$(inherited)",
				);
				INFOPLIST_FILE = InfinitScrollNoPagingTests/Info.plist;
				LD_RUNPATH_SEARCH_PATHS = "$(inherited) @executable_path/Frameworks @loader_path/Frameworks";
				PRODUCT_NAME = "$(TARGET_NAME)";
				TEST_HOST = "$(BUILT_PRODUCTS_DIR)/InfinitScrollNoPaging.app/InfinitScrollNoPaging";
			};
			name = Release;
		};
/* End XCBuildConfiguration section */

/* Begin XCConfigurationList section */
		4BF3A1081B5FF59100565CB7 /* Build configuration list for PBXProject "InfinitScrollNoPaging" */ = {
			isa = XCConfigurationList;
			buildConfigurations = (
				4BF3A12A1B5FF59200565CB7 /* Debug */,
				4BF3A12B1B5FF59200565CB7 /* Release */,
			);
			defaultConfigurationIsVisible = 0;
			defaultConfigurationName = Release;
		};
		4BF3A12C1B5FF59200565CB7 /* Build configuration list for PBXNativeTarget "InfinitScrollNoPaging" */ = {
			isa = XCConfigurationList;
			buildConfigurations = (
				4BF3A12D1B5FF59200565CB7 /* Debug */,
				4BF3A12E1B5FF59200565CB7 /* Release */,
			);
			defaultConfigurationIsVisible = 0;
		};
		4BF3A12F1B5FF59200565CB7 /* Build configuration list for PBXNativeTarget "InfinitScrollNoPagingTests" */ = {
			isa = XCConfigurationList;
			buildConfigurations = (
				4BF3A1301B5FF59200565CB7 /* Debug */,
				4BF3A1311B5FF59200565CB7 /* Release */,
			);
			defaultConfigurationIsVisible = 0;
		};
/* End XCConfigurationList section */
	};
	rootObject = 4BF3A1051B5FF59100565CB7 /* Project object */;
}
